
Microsoft Visual Studio Solution File, Format Version 12.00
# Visual Studio Version 17
VisualStudioVersion = 17.6.33829.357
MinimumVisualStudioVersion = 10.0.40219.1
Project("{FAE04EC0-301F-11D3-BF4B-00C04F79EFBC}") = "contact-app", "contact-app\contact-app.csproj", "{08BCDACD-8A71-457C-BE47-6FD4ED3077CE}"
EndProject
Global
	GlobalSection(SolutionConfigurationPlatforms) = preSolution
		Debug|Any CPU = Debug|Any CPU
		Release|Any CPU = Release|Any CPU
	EndGlobalSection
	GlobalSection(ProjectConfigurationPlatforms) = postSolution
		{08BCDACD-8A71-457C-BE47-6FD4ED3077CE}.Debug|Any CPU.ActiveCfg = Debug|Any CPU
		{08BCDACD-8A71-457C-BE47-6FD4ED3077CE}.Debug|Any CPU.Build.0 = Debug|Any CPU
		{08BCDACD-8A71-457C-BE47-6FD4ED3077CE}.Release|Any CPU.ActiveCfg = Release|Any CPU
		{08BCDACD-8A71-457C-BE47-6FD4ED3077CE}.Release|Any CPU.Build.0 = Release|Any CPU
	EndGlobalSection
	GlobalSection(SolutionProperties) = preSolution
		HideSolutionNode = FALSE
	EndGlobalSection
	GlobalSection(ExtensibilityGlobals) = postSolution
		SolutionGuid = {F4B041FE-AD0E-4BDD-93FE-F957D4371C37}
	EndGlobalSection
EndGlobal
